// !$*UTF8*$!
{
	archiveVersion = 1;
	classes = {
	};
	objectVersion = 56;
	objects = {

/* Begin PBXBuildFile section */
		04AB56D02B070DEB00DE6691 /* ManaBoxCardApp.swift in Sources */ = {isa = PBXBuildFile; fileRef = 04AB56CF2B070DEB00DE6691 /* ManaBoxCardApp.swift */; };
		04AB56D22B070DEB00DE6691 /* ContentView.swift in Sources */ = {isa = PBXBuildFile; fileRef = 04AB56D12B070DEB00DE6691 /* ContentView.swift */; };
		04AB56D42B070DED00DE6691 /* Assets.xcassets in Resources */ = {isa = PBXBuildFile; fileRef = 04AB56D32B070DED00DE6691 /* Assets.xcassets */; };
		04AB56D72B070DED00DE6691 /* Preview Assets.xcassets in Resources */ = {isa = PBXBuildFile; fileRef = 04AB56D62B070DED00DE6691 /* Preview Assets.xcassets */; };
		04AB56E12B070DED00DE6691 /* ManaBoxCardTests.swift in Sources */ = {isa = PBXBuildFile; fileRef = 04AB56E02B070DED00DE6691 /* ManaBoxCardTests.swift */; };
		04AB56EB2B070DED00DE6691 /* ManaBoxCardUITests.swift in Sources */ = {isa = PBXBuildFile; fileRef = 04AB56EA2B070DED00DE6691 /* ManaBoxCardUITests.swift */; };
		04AB56ED2B070DED00DE6691 /* ManaBoxCardUITestsLaunchTests.swift in Sources */ = {isa = PBXBuildFile; fileRef = 04AB56EC2B070DED00DE6691 /* ManaBoxCardUITestsLaunchTests.swift */; };
		04AB56FA2B070E0300DE6691 /* WOT-Scryfall.json in Resources */ = {isa = PBXBuildFile; fileRef = 04AB56F92B070E0300DE6691 /* WOT-Scryfall.json */; };
/* End PBXBuildFile section */

/* Begin PBXContainerItemProxy section */
		04AB56DD2B070DED00DE6691 /* PBXContainerItemProxy */ = {
			isa = PBXContainerItemProxy;
			containerPortal = 04AB56C42B070DEB00DE6691 /* Project object */;
			proxyType = 1;
			remoteGlobalIDString = 04AB56CB2B070DEB00DE6691;
			remoteInfo = ManaBoxCard;
		};
		04AB56E72B070DED00DE6691 /* PBXContainerItemProxy */ = {
			isa = PBXContainerItemProxy;
			containerPortal = 04AB56C42B070DEB00DE6691 /* Project object */;
			proxyType = 1;
			remoteGlobalIDString = 04AB56CB2B070DEB00DE6691;
			remoteInfo = ManaBoxCard;
		};
/* End PBXContainerItemProxy section */

/* Begin PBXFileReference section */
		04AB56CC2B070DEB00DE6691 /* ManaBoxCard.app */ = {isa = PBXFileReference; explicitFileType = wrapper.application; includeInIndex = 0; path = ManaBoxCard.app; sourceTree = BUILT_PRODUCTS_DIR; };
		04AB56CF2B070DEB00DE6691 /* ManaBoxCardApp.swift */ = {isa = PBXFileReference; lastKnownFileType = sourcecode.swift; path = ManaBoxCardApp.swift; sourceTree = "<group>"; };
		04AB56D12B070DEB00DE6691 /* ContentView.swift */ = {isa = PBXFileReference; lastKnownFileType = sourcecode.swift; path = ContentView.swift; sourceTree = "<group>"; };
		04AB56D32B070DED00DE6691 /* Assets.xcassets */ = {isa = PBXFileReference; lastKnownFileType = folder.assetcatalog; path = Assets.xcassets; sourceTree = "<group>"; };
		04AB56D62B070DED00DE6691 /* Preview Assets.xcassets */ = {isa = PBXFileReference; lastKnownFileType = folder.assetcatalog; path = "Preview Assets.xcassets"; sourceTree = "<group>"; };
		04AB56DC2B070DED00DE6691 /* ManaBoxCardTests.xctest */ = {isa = PBXFileReference; explicitFileType = wrapper.cfbundle; includeInIndex = 0; path = ManaBoxCardTests.xctest; sourceTree = BUILT_PRODUCTS_DIR; };
		04AB56E02B070DED00DE6691 /* ManaBoxCardTests.swift */ = {isa = PBXFileReference; lastKnownFileType = sourcecode.swift; path = ManaBoxCardTests.swift; sourceTree = "<group>"; };
		04AB56E62B070DED00DE6691 /* ManaBoxCardUITests.xctest */ = {isa = PBXFileReference; explicitFileType = wrapper.cfbundle; includeInIndex = 0; path = ManaBoxCardUITests.xctest; sourceTree = BUILT_PRODUCTS_DIR; };
		04AB56EA2B070DED00DE6691 /* ManaBoxCardUITests.swift */ = {isa = PBXFileReference; lastKnownFileType = sourcecode.swift; path = ManaBoxCardUITests.swift; sourceTree = "<group>"; };
		04AB56EC2B070DED00DE6691 /* ManaBoxCardUITestsLaunchTests.swift */ = {isa = PBXFileReference; lastKnownFileType = sourcecode.swift; path = ManaBoxCardUITestsLaunchTests.swift; sourceTree = "<group>"; };
		04AB56F92B070E0300DE6691 /* WOT-Scryfall.json */ = {isa = PBXFileReference; fileEncoding = 4; lastKnownFileType = text.json; name = "WOT-Scryfall.json"; path = "../../WOT-Scryfall.json"; sourceTree = "<group>"; };
/* End PBXFileReference section */

/* Begin PBXFrameworksBuildPhase section */
		04AB56C92B070DEB00DE6691 /* Frameworks */ = {
			isa = PBXFrameworksBuildPhase;
			buildActionMask = 2147483647;
			files = (
			);
			runOnlyForDeploymentPostprocessing = 0;
		};
		04AB56D92B070DED00DE6691 /* Frameworks */ = {
			isa = PBXFrameworksBuildPhase;
			buildActionMask = 2147483647;
			files = (
			);
			runOnlyForDeploymentPostprocessing = 0;
		};
		04AB56E32B070DED00DE6691 /* Frameworks */ = {
			isa = PBXFrameworksBuildPhase;
			buildActionMask = 2147483647;
			files = (
			);
			runOnlyForDeploymentPostprocessing = 0;
		};
/* End PBXFrameworksBuildPhase section */

/* Begin PBXGroup section */
		04AB56C32B070DEB00DE6691 = {
			isa = PBXGroup;
			children = (
				04AB56CE2B070DEB00DE6691 /* ManaBoxCard */,
				04AB56DF2B070DED00DE6691 /* ManaBoxCardTests */,
				04AB56E92B070DED00DE6691 /* ManaBoxCardUITests */,
				04AB56CD2B070DEB00DE6691 /* Products */,
			);
			sourceTree = "<group>";
		};
		04AB56CD2B070DEB00DE6691 /* Products */ = {
			isa = PBXGroup;
			children = (
				04AB56CC2B070DEB00DE6691 /* ManaBoxCard.app */,
				04AB56DC2B070DED00DE6691 /* ManaBoxCardTests.xctest */,
				04AB56E62B070DED00DE6691 /* ManaBoxCardUITests.xctest */,
			);
			name = Products;
			sourceTree = "<group>";
		};
		04AB56CE2B070DEB00DE6691 /* ManaBoxCard */ = {
			isa = PBXGroup;
			children = (
				04AB56F92B070E0300DE6691 /* WOT-Scryfall.json */,
				04AB56CF2B070DEB00DE6691 /* ManaBoxCardApp.swift */,
				04AB56D12B070DEB00DE6691 /* ContentView.swift */,
				04AB56D32B070DED00DE6691 /* Assets.xcassets */,
				04AB56D52B070DED00DE6691 /* Preview Content */,
			);
			path = ManaBoxCard;
			sourceTree = "<group>";
		};
		04AB56D52B070DED00DE6691 /* Preview Content */ = {
			isa = PBXGroup;
			children = (
				04AB56D62B070DED00DE6691 /* Preview Assets.xcassets */,
			);
			path = "Preview Content";
			sourceTree = "<group>";
		};
		04AB56DF2B070DED00DE6691 /* ManaBoxCardTests */ = {
			isa = PBXGroup;
			children = (
				04AB56E02B070DED00DE6691 /* ManaBoxCardTests.swift */,
			);
			path = ManaBoxCardTests;
			sourceTree = "<group>";
		};
		04AB56E92B070DED00DE6691 /* ManaBoxCardUITests */ = {
			isa = PBXGroup;
			children = (
				04AB56EA2B070DED00DE6691 /* ManaBoxCardUITests.swift */,
				04AB56EC2B070DED00DE6691 /* ManaBoxCardUITestsLaunchTests.swift */,
			);
			path = ManaBoxCardUITests;
			sourceTree = "<group>";
		};
/* End PBXGroup section */

/* Begin PBXNativeTarget section */
		04AB56CB2B070DEB00DE6691 /* ManaBoxCard */ = {
			isa = PBXNativeTarget;
			buildConfigurationList = 04AB56F02B070DED00DE6691 /* Build configuration list for PBXNativeTarget "ManaBoxCard" */;
			buildPhases = (
				04AB56C82B070DEB00DE6691 /* Sources */,
				04AB56C92B070DEB00DE6691 /* Frameworks */,
				04AB56CA2B070DEB00DE6691 /* Resources */,
			);
			buildRules = (
			);
			dependencies = (
			);
			name = ManaBoxCard;
			productName = ManaBoxCard;
			productReference = 04AB56CC2B070DEB00DE6691 /* ManaBoxCard.app */;
			productType = "com.apple.product-type.application";
		};
		04AB56DB2B070DED00DE6691 /* ManaBoxCardTests */ = {
			isa = PBXNativeTarget;
			buildConfigurationList = 04AB56F32B070DED00DE6691 /* Build configuration list for PBXNativeTarget "ManaBoxCardTests" */;
			buildPhases = (
				04AB56D82B070DED00DE6691 /* Sources */,
				04AB56D92B070DED00DE6691 /* Frameworks */,
				04AB56DA2B070DED00DE6691 /* Resources */,
			);
			buildRules = (
			);
			dependencies = (
				04AB56DE2B070DED00DE6691 /* PBXTargetDependency */,
			);
			name = ManaBoxCardTests;
			productName = ManaBoxCardTests;
			productReference = 04AB56DC2B070DED00DE6691 /* ManaBoxCardTests.xctest */;
			productType = "com.apple.product-type.bundle.unit-test";
		};
		04AB56E52B070DED00DE6691 /* ManaBoxCardUITests */ = {
			isa = PBXNativeTarget;
			buildConfigurationList = 04AB56F62B070DED00DE6691 /* Build configuration list for PBXNativeTarget "ManaBoxCardUITests" */;
			buildPhases = (
				04AB56E22B070DED00DE6691 /* Sources */,
				04AB56E32B070DED00DE6691 /* Frameworks */,
				04AB56E42B070DED00DE6691 /* Resources */,
			);
			buildRules = (
			);
			dependencies = (
				04AB56E82B070DED00DE6691 /* PBXTargetDependency */,
			);
			name = ManaBoxCardUITests;
			productName = ManaBoxCardUITests;
			productReference = 04AB56E62B070DED00DE6691 /* ManaBoxCardUITests.xctest */;
			productType = "com.apple.product-type.bundle.ui-testing";
		};
/* End PBXNativeTarget section */

/* Begin PBXProject section */
		04AB56C42B070DEB00DE6691 /* Project object */ = {
			isa = PBXProject;
			attributes = {
				BuildIndependentTargetsInParallel = 1;
				LastSwiftUpdateCheck = 1500;
				LastUpgradeCheck = 1500;
				TargetAttributes = {
					04AB56CB2B070DEB00DE6691 = {
						CreatedOnToolsVersion = 15.0.1;
					};
					04AB56DB2B070DED00DE6691 = {
						CreatedOnToolsVersion = 15.0.1;
						TestTargetID = 04AB56CB2B070DEB00DE6691;
					};
					04AB56E52B070DED00DE6691 = {
						CreatedOnToolsVersion = 15.0.1;
						TestTargetID = 04AB56CB2B070DEB00DE6691;
					};
				};
			};
			buildConfigurationList = 04AB56C72B070DEB00DE6691 /* Build configuration list for PBXProject "ManaBoxCard" */;
			compatibilityVersion = "Xcode 14.0";
			developmentRegion = en;
			hasScannedForEncodings = 0;
			knownRegions = (
				en,
				Base,
			);
			mainGroup = 04AB56C32B070DEB00DE6691;
			productRefGroup = 04AB56CD2B070DEB00DE6691 /* Products */;
			projectDirPath = "";
			projectRoot = "";
			targets = (
				04AB56CB2B070DEB00DE6691 /* ManaBoxCard */,
				04AB56DB2B070DED00DE6691 /* ManaBoxCardTests */,
				04AB56E52B070DED00DE6691 /* ManaBoxCardUITests */,
			);
		};
/* End PBXProject section */

/* Begin PBXResourcesBuildPhase section */
		04AB56CA2B070DEB00DE6691 /* Resources */ = {
			isa = PBXResourcesBuildPhase;
			buildActionMask = 2147483647;
			files = (
				04AB56D72B070DED00DE6691 /* Preview Assets.xcassets in Resources */,
				04AB56D42B070DED00DE6691 /* Assets.xcassets in Resources */,
				04AB56FA2B070E0300DE6691 /* WOT-Scryfall.json in Resources */,
			);
			runOnlyForDeploymentPostprocessing = 0;
		};
		04AB56DA2B070DED00DE6691 /* Resources */ = {
			isa = PBXResourcesBuildPhase;
			buildActionMask = 2147483647;
			files = (
			);
			runOnlyForDeploymentPostprocessing = 0;
		};
		04AB56E42B070DED00DE6691 /* Resources */ = {
			isa = PBXResourcesBuildPhase;
			buildActionMask = 2147483647;
			files = (
			);
			runOnlyForDeploymentPostprocessing = 0;
		};
/* End PBXResourcesBuildPhase section */

/* Begin PBXSourcesBuildPhase section */
		04AB56C82B070DEB00DE6691 /* Sources */ = {
			isa = PBXSourcesBuildPhase;
			buildActionMask = 2147483647;
			files = (
				04AB56D22B070DEB00DE6691 /* ContentView.swift in Sources */,
				04AB56D02B070DEB00DE6691 /* ManaBoxCardApp.swift in Sources */,
			);
			runOnlyForDeploymentPostprocessing = 0;
		};
		04AB56D82B070DED00DE6691 /* Sources */ = {
			isa = PBXSourcesBuildPhase;
			buildActionMask = 2147483647;
			files = (
				04AB56E12B070DED00DE6691 /* ManaBoxCardTests.swift in Sources */,
			);
			runOnlyForDeploymentPostprocessing = 0;
		};
		04AB56E22B070DED00DE6691 /* Sources */ = {
			isa = PBXSourcesBuildPhase;
			buildActionMask = 2147483647;
			files = (
				04AB56EB2B070DED00DE6691 /* ManaBoxCardUITests.swift in Sources */,
				04AB56ED2B070DED00DE6691 /* ManaBoxCardUITestsLaunchTests.swift in Sources */,
			);
			runOnlyForDeploymentPostprocessing = 0;
		};
/* End PBXSourcesBuildPhase section */

/* Begin PBXTargetDependency section */
		04AB56DE2B070DED00DE6691 /* PBXTargetDependency */ = {
			isa = PBXTargetDependency;
			target = 04AB56CB2B070DEB00DE6691 /* ManaBoxCard */;
			targetProxy = 04AB56DD2B070DED00DE6691 /* PBXContainerItemProxy */;
		};
		04AB56E82B070DED00DE6691 /* PBXTargetDependency */ = {
			isa = PBXTargetDependency;
			target = 04AB56CB2B070DEB00DE6691 /* ManaBoxCard */;
			targetProxy = 04AB56E72B070DED00DE6691 /* PBXContainerItemProxy */;
		};
/* End PBXTargetDependency section */

/* Begin XCBuildConfiguration section */
		04AB56EE2B070DED00DE6691 /* Debug */ = {
			isa = XCBuildConfiguration;
			buildSettings = {
				ALWAYS_SEARCH_USER_PATHS = NO;
				ASSETCATALOG_COMPILER_GENERATE_SWIFT_ASSET_SYMBOL_EXTENSIONS = YES;
				CLANG_ANALYZER_NONNULL = YES;
				CLANG_ANALYZER_NUMBER_OBJECT_CONVERSION = YES_AGGRESSIVE;
				CLANG_CXX_LANGUAGE_STANDARD = "gnu++20";
				CLANG_ENABLE_MODULES = YES;
				CLANG_ENABLE_OBJC_ARC = YES;
				CLANG_ENABLE_OBJC_WEAK = YES;
				CLANG_WARN_BLOCK_CAPTURE_AUTORELEASING = YES;
				CLANG_WARN_BOOL_CONVERSION = YES;
				CLANG_WARN_COMMA = YES;
				CLANG_WARN_CONSTANT_CONVERSION = YES;
				CLANG_WARN_DEPRECATED_OBJC_IMPLEMENTATIONS = YES;
				CLANG_WARN_DIRECT_OBJC_ISA_USAGE = YES_ERROR;
				CLANG_WARN_DOCUMENTATION_COMMENTS = YES;
				CLANG_WARN_EMPTY_BODY = YES;
				CLANG_WARN_ENUM_CONVERSION = YES;
				CLANG_WARN_INFINITE_RECURSION = YES;
				CLANG_WARN_INT_CONVERSION = YES;
				CLANG_WARN_NON_LITERAL_NULL_CONVERSION = YES;
				CLANG_WARN_OBJC_IMPLICIT_RETAIN_SELF = YES;
				CLANG_WARN_OBJC_LITERAL_CONVERSION = YES;
				CLANG_WARN_OBJC_ROOT_CLASS = YES_ERROR;
				CLANG_WARN_QUOTED_INCLUDE_IN_FRAMEWORK_HEADER = YES;
				CLANG_WARN_RANGE_LOOP_ANALYSIS = YES;
				CLANG_WARN_STRICT_PROTOTYPES = YES;
				CLANG_WARN_SUSPICIOUS_MOVE = YES;
				CLANG_WARN_UNGUARDED_AVAILABILITY = YES_AGGRESSIVE;
				CLANG_WARN_UNREACHABLE_CODE = YES;
				CLANG_WARN__DUPLICATE_METHOD_MATCH = YES;
				COPY_PHASE_STRIP = NO;
				DEBUG_INFORMATION_FORMAT = dwarf;
				ENABLE_STRICT_OBJC_MSGSEND = YES;
				ENABLE_TESTABILITY = YES;
				ENABLE_USER_SCRIPT_SANDBOXING = YES;
				GCC_C_LANGUAGE_STANDARD = gnu17;
				GCC_DYNAMIC_NO_PIC = NO;
				GCC_NO_COMMON_BLOCKS = YES;
				GCC_OPTIMIZATION_LEVEL = 0;
				GCC_PREPROCESSOR_DEFINITIONS = (
					"DEBUG=1",
					"$(inherited)",
				);
				GCC_WARN_64_TO_32_BIT_CONVERSION = YES;
				GCC_WARN_ABOUT_RETURN_TYPE = YES_ERROR;
				GCC_WARN_UNDECLARED_SELECTOR = YES;
				GCC_WARN_UNINITIALIZED_AUTOS = YES_AGGRESSIVE;
				GCC_WARN_UNUSED_FUNCTION = YES;
				GCC_WARN_UNUSED_VARIABLE = YES;
				IPHONEOS_DEPLOYMENT_TARGET = 17.0;
				LOCALIZATION_PREFERS_STRING_CATALOGS = YES;
				MTL_ENABLE_DEBUG_INFO = INCLUDE_SOURCE;
				MTL_FAST_MATH = YES;
				ONLY_ACTIVE_ARCH = YES;
				SDKROOT = iphoneos;
				SWIFT_ACTIVE_COMPILATION_CONDITIONS = "DEBUG $(inherited)";
				SWIFT_OPTIMIZATION_LEVEL = "-Onone";
			};
			name = Debug;
		};
		04AB56EF2B070DED00DE6691 /* Release */ = {
			isa = XCBuildConfiguration;
			buildSettings = {
				ALWAYS_SEARCH_USER_PATHS = NO;
				ASSETCATALOG_COMPILER_GENERATE_SWIFT_ASSET_SYMBOL_EXTENSIONS = YES;
				CLANG_ANALYZER_NONNULL = YES;
				CLANG_ANALYZER_NUMBER_OBJECT_CONVERSION = YES_AGGRESSIVE;
				CLANG_CXX_LANGUAGE_STANDARD = "gnu++20";
				CLANG_ENABLE_MODULES = YES;
				CLANG_ENABLE_OBJC_ARC = YES;
				CLANG_ENABLE_OBJC_WEAK = YES;
				CLANG_WARN_BLOCK_CAPTURE_AUTORELEASING = YES;
				CLANG_WARN_BOOL_CONVERSION = YES;
				CLANG_WARN_COMMA = YES;
				CLANG_WARN_CONSTANT_CONVERSION = YES;
				CLANG_WARN_DEPRECATED_OBJC_IMPLEMENTATIONS = YES;
				CLANG_WARN_DIRECT_OBJC_ISA_USAGE = YES_ERROR;
				CLANG_WARN_DOCUMENTATION_COMMENTS = YES;
				CLANG_WARN_EMPTY_BODY = YES;
				CLANG_WARN_ENUM_CONVERSION = YES;
				CLANG_WARN_INFINITE_RECURSION = YES;
				CLANG_WARN_INT_CONVERSION = YES;
				CLANG_WARN_NON_LITERAL_NULL_CONVERSION = YES;
				CLANG_WARN_OBJC_IMPLICIT_RETAIN_SELF = YES;
				CLANG_WARN_OBJC_LITERAL_CONVERSION = YES;
				CLANG_WARN_OBJC_ROOT_CLASS = YES_ERROR;
				CLANG_WARN_QUOTED_INCLUDE_IN_FRAMEWORK_HEADER = YES;
				CLANG_WARN_RANGE_LOOP_ANALYSIS = YES;
				CLANG_WARN_STRICT_PROTOTYPES = YES;
				CLANG_WARN_SUSPICIOUS_MOVE = YES;
				CLANG_WARN_UNGUARDED_AVAILABILITY = YES_AGGRESSIVE;
				CLANG_WARN_UNREACHABLE_CODE = YES;
				CLANG_WARN__DUPLICATE_METHOD_MATCH = YES;
				COPY_PHASE_STRIP = NO;
				DEBUG_INFORMATION_FORMAT = "dwarf-with-dsym";
				ENABLE_NS_ASSERTIONS = NO;
				ENABLE_STRICT_OBJC_MSGSEND = YES;
				ENABLE_USER_SCRIPT_SANDBOXING = YES;
				GCC_C_LANGUAGE_STANDARD = gnu17;
				GCC_NO_COMMON_BLOCKS = YES;
				GCC_WARN_64_TO_32_BIT_CONVERSION = YES;
				GCC_WARN_ABOUT_RETURN_TYPE = YES_ERROR;
				GCC_WARN_UNDECLARED_SELECTOR = YES;
				GCC_WARN_UNINITIALIZED_AUTOS = YES_AGGRESSIVE;
				GCC_WARN_UNUSED_FUNCTION = YES;
				GCC_WARN_UNUSED_VARIABLE = YES;
				IPHONEOS_DEPLOYMENT_TARGET = 17.0;
				LOCALIZATION_PREFERS_STRING_CATALOGS = YES;
				MTL_ENABLE_DEBUG_INFO = NO;
				MTL_FAST_MATH = YES;
				SDKROOT = iphoneos;
				SWIFT_COMPILATION_MODE = wholemodule;
				VALIDATE_PRODUCT = YES;
			};
			name = Release;
		};
		04AB56F12B070DED00DE6691 /* Debug */ = {
			isa = XCBuildConfiguration;
			buildSettings = {
				ASSETCATALOG_COMPILER_APPICON_NAME = AppIcon;
				ASSETCATALOG_COMPILER_GLOBAL_ACCENT_COLOR_NAME = AccentColor;
				CODE_SIGN_STYLE = Automatic;
				CURRENT_PROJECT_VERSION = 1;
				DEVELOPMENT_ASSET_PATHS = "\"ManaBoxCard/Preview Content\"";
				ENABLE_PREVIEWS = YES;
				GENERATE_INFOPLIST_FILE = YES;
				INFOPLIST_KEY_UIApplicationSceneManifest_Generation = YES;
				INFOPLIST_KEY_UIApplicationSupportsIndirectInputEvents = YES;
				INFOPLIST_KEY_UILaunchScreen_Generation = YES;
				INFOPLIST_KEY_UISupportedInterfaceOrientations_iPad = "UIInterfaceOrientationPortrait UIInterfaceOrientationPortraitUpsideDown UIInterfaceOrientationLandscapeLeft UIInterfaceOrientationLandscapeRight";
				INFOPLIST_KEY_UISupportedInterfaceOrientations_iPhone = "UIInterfaceOrientationPortrait UIInterfaceOrientationLandscapeLeft UIInterfaceOrientationLandscapeRight";
				LD_RUNPATH_SEARCH_PATHS = (
					"$(inherited)",
					"@executable_path/Frameworks",
				);
				MARKETING_VERSION = 1.0;
				PRODUCT_BUNDLE_IDENTIFIER = Steven.ManaBoxCard;
				PRODUCT_NAME = "$(TARGET_NAME)";
				SWIFT_EMIT_LOC_STRINGS = YES;
				SWIFT_VERSION = 5.0;
				TARGETED_DEVICE_FAMILY = "1,2";
			};
			name = Debug;
		};
		04AB56F22B070DED00DE6691 /* Release */ = {
			isa = XCBuildConfiguration;
			buildSettings = {
				ASSETCATALOG_COMPILER_APPICON_NAME = AppIcon;
				ASSETCATALOG_COMPILER_GLOBAL_ACCENT_COLOR_NAME = AccentColor;
				CODE_SIGN_STYLE = Automatic;
				CURRENT_PROJECT_VERSION = 1;
				DEVELOPMENT_ASSET_PATHS = "\"ManaBoxCard/Preview Content\"";
				ENABLE_PREVIEWS = YES;
				GENERATE_INFOPLIST_FILE = YES;
				INFOPLIST_KEY_UIApplicationSceneManifest_Generation = YES;
				INFOPLIST_KEY_UIApplicationSupportsIndirectInputEvents = YES;
				INFOPLIST_KEY_UILaunchScreen_Generation = YES;
				INFOPLIST_KEY_UISupportedInterfaceOrientations_iPad = "UIInterfaceOrientationPortrait UIInterfaceOrientationPortraitUpsideDown UIInterfaceOrientationLandscapeLeft UIInterfaceOrientationLandscapeRight";
				INFOPLIST_KEY_UISupportedInterfaceOrientations_iPhone = "UIInterfaceOrientationPortrait UIInterfaceOrientationLandscapeLeft UIInterfaceOrientationLandscapeRight";
				LD_RUNPATH_SEARCH_PATHS = (
					"$(inherited)",
					"@executable_path/Frameworks",
				);
				MARKETING_VERSION = 1.0;
				PRODUCT_BUNDLE_IDENTIFIER = Steven.ManaBoxCard;
				PRODUCT_NAME = "$(TARGET_NAME)";
				SWIFT_EMIT_LOC_STRINGS = YES;
				SWIFT_VERSION = 5.0;
				TARGETED_DEVICE_FAMILY = "1,2";
			};
			name = Release;
		};
		04AB56F42B070DED00DE6691 /* Debug */ = {
			isa = XCBuildConfiguration;
			buildSettings = {
				ALWAYS_EMBED_SWIFT_STANDARD_LIBRARIES = YES;
				BUNDLE_LOADER = "$(TEST_HOST)";
				CODE_SIGN_STYLE = Automatic;
				CURRENT_PROJECT_VERSION = 1;
				GENERATE_INFOPLIST_FILE = YES;
				IPHONEOS_DEPLOYMENT_TARGET = 17.0;
				MARKETING_VERSION = 1.0;
				PRODUCT_BUNDLE_IDENTIFIER = Steven.ManaBoxCardTests;
				PRODUCT_NAME = "$(TARGET_NAME)";
				SWIFT_EMIT_LOC_STRINGS = NO;
				SWIFT_VERSION = 5.0;
				TARGETED_DEVICE_FAMILY = "1,2";
				TEST_HOST = "$(BUILT_PRODUCTS_DIR)/ManaBoxCard.app/$(BUNDLE_EXECUTABLE_FOLDER_PATH)/ManaBoxCard";
			};
			name = Debug;
		};
		04AB56F52B070DED00DE6691 /* Release */ = {
			isa = XCBuildConfiguration;
			buildSettings = {
				ALWAYS_EMBED_SWIFT_STANDARD_LIBRARIES = YES;
				BUNDLE_LOADER = "$(TEST_HOST)";
				CODE_SIGN_STYLE = Automatic;
				CURRENT_PROJECT_VERSION = 1;
				GENERATE_INFOPLIST_FILE = YES;
				IPHONEOS_DEPLOYMENT_TARGET = 17.0;
				MARKETING_VERSION = 1.0;
				PRODUCT_BUNDLE_IDENTIFIER = Steven.ManaBoxCardTests;
				PRODUCT_NAME = "$(TARGET_NAME)";
				SWIFT_EMIT_LOC_STRINGS = NO;
				SWIFT_VERSION = 5.0;
				TARGETED_DEVICE_FAMILY = "1,2";
				TEST_HOST = "$(BUILT_PRODUCTS_DIR)/ManaBoxCard.app/$(BUNDLE_EXECUTABLE_FOLDER_PATH)/ManaBoxCard";
			};
			name = Release;
		};
		04AB56F72B070DED00DE6691 /* Debug */ = {
			isa = XCBuildConfiguration;
			buildSettings = {
				ALWAYS_EMBED_SWIFT_STANDARD_LIBRARIES = YES;
				CODE_SIGN_STYLE = Automatic;
				CURRENT_PROJECT_VERSION = 1;
				GENERATE_INFOPLIST_FILE = YES;
				MARKETING_VERSION = 1.0;
				PRODUCT_BUNDLE_IDENTIFIER = Steven.ManaBoxCardUITests;
				PRODUCT_NAME = "$(TARGET_NAME)";
				SWIFT_EMIT_LOC_STRINGS = NO;
				SWIFT_VERSION = 5.0;
				TARGETED_DEVICE_FAMILY = "1,2";
				TEST_TARGET_NAME = ManaBoxCard;
			};
			name = Debug;
		};
		04AB56F82B070DED00DE6691 /* Release */ = {
			isa = XCBuildConfiguration;
			buildSettings = {
				ALWAYS_EMBED_SWIFT_STANDARD_LIBRARIES = YES;
				CODE_SIGN_STYLE = Automatic;
				CURRENT_PROJECT_VERSION = 1;
				GENERATE_INFOPLIST_FILE = YES;
				MARKETING_VERSION = 1.0;
				PRODUCT_BUNDLE_IDENTIFIER = Steven.ManaBoxCardUITests;
				PRODUCT_NAME = "$(TARGET_NAME)";
				SWIFT_EMIT_LOC_STRINGS = NO;
				SWIFT_VERSION = 5.0;
				TARGETED_DEVICE_FAMILY = "1,2";
				TEST_TARGET_NAME = ManaBoxCard;
			};
			name = Release;
		};
/* End XCBuildConfiguration section */

/* Begin XCConfigurationList section */
		04AB56C72B070DEB00DE6691 /* Build configuration list for PBXProject "ManaBoxCard" */ = {
			isa = XCConfigurationList;
			buildConfigurations = (
				04AB56EE2B070DED00DE6691 /* Debug */,
				04AB56EF2B070DED00DE6691 /* Release */,
			);
			defaultConfigurationIsVisible = 0;
			defaultConfigurationName = Release;
		};
		04AB56F02B070DED00DE6691 /* Build configuration list for PBXNativeTarget "ManaBoxCard" */ = {
			isa = XCConfigurationList;
			buildConfigurations = (
				04AB56F12B070DED00DE6691 /* Debug */,
				04AB56F22B070DED00DE6691 /* Release */,
			);
			defaultConfigurationIsVisible = 0;
			defaultConfigurationName = Release;
		};
		04AB56F32B070DED00DE6691 /* Build configuration list for PBXNativeTarget "ManaBoxCardTests" */ = {
			isa = XCConfigurationList;
			buildConfigurations = (
				04AB56F42B070DED00DE6691 /* Debug */,
				04AB56F52B070DED00DE6691 /* Release */,
			);
			defaultConfigurationIsVisible = 0;
			defaultConfigurationName = Release;
		};
		04AB56F62B070DED00DE6691 /* Build configuration list for PBXNativeTarget "ManaBoxCardUITests" */ = {
			isa = XCConfigurationList;
			buildConfigurations = (
				04AB56F72B070DED00DE6691 /* Debug */,
				04AB56F82B070DED00DE6691 /* Release */,
			);
			defaultConfigurationIsVisible = 0;
			defaultConfigurationName = Release;
		};
/* End XCConfigurationList section */
	};
	rootObject = 04AB56C42B070DEB00DE6691 /* Project object */;
}
